
Microsoft Visual Studio Solution File, Format Version 12.00
# Visual Studio Version 17
VisualStudioVersion = 17.6.33815.320
MinimumVisualStudioVersion = 10.0.40219.1
Project("{FAE04EC0-301F-11D3-BF4B-00C04F79EFBC}") = "CoreAppTwo", "CoreAppTwo\CoreAppTwo.csproj", "{AA36372F-BCB7-47A4-84C6-E363D28B8DB6}"
EndProject
Global
	GlobalSection(SolutionConfigurationPlatforms) = preSolution
		Debug|Any CPU = Debug|Any CPU
		Release|Any CPU = Release|Any CPU
	EndGlobalSection
	GlobalSection(ProjectConfigurationPlatforms) = postSolution
		{AA36372F-BCB7-47A4-84C6-E363D28B8DB6}.Debug|Any CPU.ActiveCfg = Debug|Any CPU
		{AA36372F-BCB7-47A4-84C6-E363D28B8DB6}.Debug|Any CPU.Build.0 = Debug|Any CPU
		{AA36372F-BCB7-47A4-84C6-E363D28B8DB6}.Release|Any CPU.ActiveCfg = Release|Any CPU
		{AA36372F-BCB7-47A4-84C6-E363D28B8DB6}.Release|Any CPU.Build.0 = Release|Any CPU
	EndGlobalSection
	GlobalSection(SolutionProperties) = preSolution
		HideSolutionNode = FALSE
	EndGlobalSection
	GlobalSection(ExtensibilityGlobals) = postSolution
		SolutionGuid = {C9EEB66D-8ECB-4804-98B2-608339EA843D}
	EndGlobalSection
EndGlobal
